
Microsoft Visual Studio Solution File, Format Version 12.00
# Visual Studio Version 17
VisualStudioVersion = 17.10.35013.160
MinimumVisualStudioVersion = 10.0.40219.1
Project("{FAE04EC0-301F-11D3-BF4B-00C04F79EFBC}") = "OOP 04", "OOP 04.csproj", "{97891E42-F700-443C-B241-236CD7F8D1B9}"
EndProject
Global
	GlobalSection(SolutionConfigurationPlatforms) = preSolution
		Debug|Any CPU = Debug|Any CPU
		Release|Any CPU = Release|Any CPU
	EndGlobalSection
	GlobalSection(ProjectConfigurationPlatforms) = postSolution
		{97891E42-F700-443C-B241-236CD7F8D1B9}.Debug|Any CPU.ActiveCfg = Debug|Any CPU
		{97891E42-F700-443C-B241-236CD7F8D1B9}.Debug|Any CPU.Build.0 = Debug|Any CPU
		{97891E42-F700-443C-B241-236CD7F8D1B9}.Release|Any CPU.ActiveCfg = Release|Any CPU
		{97891E42-F700-443C-B241-236CD7F8D1B9}.Release|Any CPU.Build.0 = Release|Any CPU
	EndGlobalSection
	GlobalSection(SolutionProperties) = preSolution
		HideSolutionNode = FALSE
	EndGlobalSection
	GlobalSection(ExtensibilityGlobals) = postSolution
		SolutionGuid = {0BB72568-128D-4428-8374-1B5525656E2A}
	EndGlobalSection
EndGlobal
