
Microsoft Visual Studio Solution File, Format Version 12.00
# Visual Studio Version 17
VisualStudioVersion = 17.10.35013.160
MinimumVisualStudioVersion = 10.0.40219.1
Project("{9A19103F-16F7-4668-BE54-9A1E7A4F7556}") = "ConsoleApp1", "ConsoleApp1\ConsoleApp1.csproj", "{FA0EAE2F-D8BA-4D38-AEB7-0DF9227132A1}"
EndProject
Global
	GlobalSection(SolutionConfigurationPlatforms) = preSolution
		Debug|Any CPU = Debug|Any CPU
		Release|Any CPU = Release|Any CPU
	EndGlobalSection
	GlobalSection(ProjectConfigurationPlatforms) = postSolution
		{FA0EAE2F-D8BA-4D38-AEB7-0DF9227132A1}.Debug|Any CPU.ActiveCfg = Debug|Any CPU
		{FA0EAE2F-D8BA-4D38-AEB7-0DF9227132A1}.Debug|Any CPU.Build.0 = Debug|Any CPU
		{FA0EAE2F-D8BA-4D38-AEB7-0DF9227132A1}.Release|Any CPU.ActiveCfg = Release|Any CPU
		{FA0EAE2F-D8BA-4D38-AEB7-0DF9227132A1}.Release|Any CPU.Build.0 = Release|Any CPU
	EndGlobalSection
	GlobalSection(SolutionProperties) = preSolution
		HideSolutionNode = FALSE
	EndGlobalSection
	GlobalSection(ExtensibilityGlobals) = postSolution
		SolutionGuid = {D615D9F1-3B9B-47C8-84FF-22D02D88CF79}
	EndGlobalSection
EndGlobal
