
Microsoft Visual Studio Solution File, Format Version 12.00
# Visual Studio Version 17
VisualStudioVersion = 17.10.35013.160
MinimumVisualStudioVersion = 10.0.40219.1
Project("{FAE04EC0-301F-11D3-BF4B-00C04F79EFBC}") = "quiz", "quiz.csproj", "{042A053C-8E31-47C4-8AF4-2D44BE0BD01E}"
EndProject
Global
	GlobalSection(SolutionConfigurationPlatforms) = preSolution
		Debug|Any CPU = Debug|Any CPU
		Release|Any CPU = Release|Any CPU
	EndGlobalSection
	GlobalSection(ProjectConfigurationPlatforms) = postSolution
		{042A053C-8E31-47C4-8AF4-2D44BE0BD01E}.Debug|Any CPU.ActiveCfg = Debug|Any CPU
		{042A053C-8E31-47C4-8AF4-2D44BE0BD01E}.Debug|Any CPU.Build.0 = Debug|Any CPU
		{042A053C-8E31-47C4-8AF4-2D44BE0BD01E}.Release|Any CPU.ActiveCfg = Release|Any CPU
		{042A053C-8E31-47C4-8AF4-2D44BE0BD01E}.Release|Any CPU.Build.0 = Release|Any CPU
	EndGlobalSection
	GlobalSection(SolutionProperties) = preSolution
		HideSolutionNode = FALSE
	EndGlobalSection
	GlobalSection(ExtensibilityGlobals) = postSolution
		SolutionGuid = {906DBA3C-2583-46BA-BB7B-C25EB33B48BA}
	EndGlobalSection
EndGlobal
